
Microsoft Visual Studio Solution File, Format Version 12.00
# Visual Studio Version 16
VisualStudioVersion = 16.0.31424.327
MinimumVisualStudioVersion = 10.0.40219.1
Project("{FAE04EC0-301F-11D3-BF4B-00C04F79EFBC}") = "Opacidad", "Opacidad\Opacidad.csproj", "{B14A854C-B101-420B-9807-C00E03AD707A}"
EndProject
Global
	GlobalSection(SolutionConfigurationPlatforms) = preSolution
		Debug|Any CPU = Debug|Any CPU
		Release|Any CPU = Release|Any CPU
	EndGlobalSection
	GlobalSection(ProjectConfigurationPlatforms) = postSolution
		{B14A854C-B101-420B-9807-C00E03AD707A}.Debug|Any CPU.ActiveCfg = Debug|Any CPU
		{B14A854C-B101-420B-9807-C00E03AD707A}.Debug|Any CPU.Build.0 = Debug|Any CPU
		{B14A854C-B101-420B-9807-C00E03AD707A}.Release|Any CPU.ActiveCfg = Release|Any CPU
		{B14A854C-B101-420B-9807-C00E03AD707A}.Release|Any CPU.Build.0 = Release|Any CPU
	EndGlobalSection
	GlobalSection(SolutionProperties) = preSolution
		HideSolutionNode = FALSE
	EndGlobalSection
	GlobalSection(ExtensibilityGlobals) = postSolution
		SolutionGuid = {F838281D-9865-4CD2-AE83-F97F49D0B437}
	EndGlobalSection
EndGlobal
